
Microsoft Visual Studio Solution File, Format Version 10.00
# Visual Studio 2008
Project("{2150E333-8FDC-42A3-9474-1A3956D46DE8}") = "Solution Items", "Solution Items", "{18364D7F-A814-4360-9BF1-FBD18737B399}"
	ProjectSection(SolutionItems) = preProject
		JBMClientSolution.vsmdi = JBMClientSolution.vsmdi
		JBMClient.vsmdi = JBMClient.vsmdi
		LocalTestRun.testrunconfig = LocalTestRun.testrunconfig
	EndProjectSection
EndProject
Project("{FAE04EC0-301F-11D3-BF4B-00C04F79EFBC}") = "JBM.Client", "JBMClient\JBM.Client.csproj", "{675AD929-BF42-4930-AC39-603D5EC52D58}"
EndProject
Project("{FAE04EC0-301F-11D3-BF4B-00C04F79EFBC}") = "JBM.Client.Test", "JBMClientTest\JBM.Client.Test.csproj", "{D6A96159-0551-41C2-9E94-1F253F79AD39}"
EndProject
Global
	GlobalSection(SubversionScc) = preSolution
		Svn-Managed = True
		Manager = AnkhSVN - Subversion Support for Visual Studio
	EndGlobalSection
	GlobalSection(SolutionConfigurationPlatforms) = preSolution
		Debug|Any CPU = Debug|Any CPU
		Release|Any CPU = Release|Any CPU
	EndGlobalSection
	GlobalSection(ProjectConfigurationPlatforms) = postSolution
		{675AD929-BF42-4930-AC39-603D5EC52D58}.Debug|Any CPU.ActiveCfg = Debug|Any CPU
		{675AD929-BF42-4930-AC39-603D5EC52D58}.Debug|Any CPU.Build.0 = Debug|Any CPU
		{675AD929-BF42-4930-AC39-603D5EC52D58}.Release|Any CPU.ActiveCfg = Release|Any CPU
		{675AD929-BF42-4930-AC39-603D5EC52D58}.Release|Any CPU.Build.0 = Release|Any CPU
		{D6A96159-0551-41C2-9E94-1F253F79AD39}.Debug|Any CPU.ActiveCfg = Debug|Any CPU
		{D6A96159-0551-41C2-9E94-1F253F79AD39}.Debug|Any CPU.Build.0 = Debug|Any CPU
		{D6A96159-0551-41C2-9E94-1F253F79AD39}.Release|Any CPU.ActiveCfg = Release|Any CPU
		{D6A96159-0551-41C2-9E94-1F253F79AD39}.Release|Any CPU.Build.0 = Release|Any CPU
	EndGlobalSection
	GlobalSection(SolutionProperties) = preSolution
		HideSolutionNode = FALSE
	EndGlobalSection
	GlobalSection(NestedProjects) = preSolution
		{675AD929-BF42-4930-AC39-603D5EC52D58} = {18364D7F-A814-4360-9BF1-FBD18737B399}
		{D6A96159-0551-41C2-9E94-1F253F79AD39} = {18364D7F-A814-4360-9BF1-FBD18737B399}
	EndGlobalSection
EndGlobal
